// !$*UTF8*$!
{
	archiveVersion = 1;
	classes = {
	};
	objectVersion = 56;
	objects = {

/* Begin PBXBuildFile section */
		16357D252B8D4D600081EBEE /* Utilities.swift in Sources */ = {isa = PBXBuildFile; fileRef = 16357D242B8D4D600081EBEE /* Utilities.swift */; };
		16357D272B8D4D650081EBEE /* RegisterFormViewController.swift in Sources */ = {isa = PBXBuildFile; fileRef = 16357D262B8D4D650081EBEE /* RegisterFormViewController.swift */; };
		16357D292B8D4D740081EBEE /* RegistrationForm.storyboard in Resources */ = {isa = PBXBuildFile; fileRef = 16357D282B8D4D740081EBEE /* RegistrationForm.storyboard */; };
		16357D302B8D50B70081EBEE /* SignUp+CoreDataClass.swift in Sources */ = {isa = PBXBuildFile; fileRef = 16357D2E2B8D50B70081EBEE /* SignUp+CoreDataClass.swift */; };
		1680F7FE2B8F679E00222544 /* ChangePasswordViewController.swift in Sources */ = {isa = PBXBuildFile; fileRef = 1680F7FD2B8F679E00222544 /* ChangePasswordViewController.swift */; };
		1680F8002B8F683C00222544 /* AdminDashboardViewController.swift in Sources */ = {isa = PBXBuildFile; fileRef = 1680F7FF2B8F683C00222544 /* AdminDashboardViewController.swift */; };
		1694B1312B8DFED000623903 /* AdminDashboard.storyboard in Resources */ = {isa = PBXBuildFile; fileRef = 1694B1302B8DFED000623903 /* AdminDashboard.storyboard */; };
		16B06F422B8EDAB10003EA83 /* AdminProfileViewController.swift in Sources */ = {isa = PBXBuildFile; fileRef = 16B06F412B8EDAB10003EA83 /* AdminProfileViewController.swift */; };
		B0C154E42B8D34B800563C8A /* AppDelegate.swift in Sources */ = {isa = PBXBuildFile; fileRef = B0C154E32B8D34B800563C8A /* AppDelegate.swift */; };
		B0C154E62B8D34B800563C8A /* SceneDelegate.swift in Sources */ = {isa = PBXBuildFile; fileRef = B0C154E52B8D34B800563C8A /* SceneDelegate.swift */; };
		B0C154E82B8D34B800563C8A /* ViewController.swift in Sources */ = {isa = PBXBuildFile; fileRef = B0C154E72B8D34B800563C8A /* ViewController.swift */; };
		B0C154EB2B8D34B800563C8A /* Main.storyboard in Resources */ = {isa = PBXBuildFile; fileRef = B0C154E92B8D34B800563C8A /* Main.storyboard */; };
		B0C154EE2B8D34B800563C8A /* PassportOnlineApplication.xcdatamodeld in Sources */ = {isa = PBXBuildFile; fileRef = B0C154EC2B8D34B800563C8A /* PassportOnlineApplication.xcdatamodeld */; };
		B0C154F02B8D34B900563C8A /* Assets.xcassets in Resources */ = {isa = PBXBuildFile; fileRef = B0C154EF2B8D34B900563C8A /* Assets.xcassets */; };
		B0C154F32B8D34B900563C8A /* LaunchScreen.storyboard in Resources */ = {isa = PBXBuildFile; fileRef = B0C154F12B8D34B900563C8A /* LaunchScreen.storyboard */; };
		B0C154FE2B8D34B900563C8A /* PassportOnlineApplicationTests.swift in Sources */ = {isa = PBXBuildFile; fileRef = B0C154FD2B8D34B900563C8A /* PassportOnlineApplicationTests.swift */; };
		B0C155082B8D34B900563C8A /* PassportOnlineApplicationUITests.swift in Sources */ = {isa = PBXBuildFile; fileRef = B0C155072B8D34B900563C8A /* PassportOnlineApplicationUITests.swift */; };
		B0C1550A2B8D34B900563C8A /* PassportOnlineApplicationUITestsLaunchTests.swift in Sources */ = {isa = PBXBuildFile; fileRef = B0C155092B8D34B900563C8A /* PassportOnlineApplicationUITestsLaunchTests.swift */; };
		B0C155172B8D365100563C8A /* LoginController.swift in Sources */ = {isa = PBXBuildFile; fileRef = B0C155162B8D365100563C8A /* LoginController.swift */; };
		B0C155192B8D369700563C8A /* LoginScreen.storyboard in Resources */ = {isa = PBXBuildFile; fileRef = B0C155182B8D369700563C8A /* LoginScreen.storyboard */; };
/* End PBXBuildFile section */

/* Begin PBXContainerItemProxy section */
		B0C154FA2B8D34B900563C8A /* PBXContainerItemProxy */ = {
			isa = PBXContainerItemProxy;
			containerPortal = B0C154D82B8D34B800563C8A /* Project object */;
			proxyType = 1;
			remoteGlobalIDString = B0C154DF2B8D34B800563C8A;
			remoteInfo = PassportOnlineApplication;
		};
		B0C155042B8D34B900563C8A /* PBXContainerItemProxy */ = {
			isa = PBXContainerItemProxy;
			containerPortal = B0C154D82B8D34B800563C8A /* Project object */;
			proxyType = 1;
			remoteGlobalIDString = B0C154DF2B8D34B800563C8A;
			remoteInfo = PassportOnlineApplication;
		};
/* End PBXContainerItemProxy section */

/* Begin PBXFileReference section */
		16357D242B8D4D600081EBEE /* Utilities.swift */ = {isa = PBXFileReference; fileEncoding = 4; lastKnownFileType = sourcecode.swift; path = Utilities.swift; sourceTree = "<group>"; };
		16357D262B8D4D650081EBEE /* RegisterFormViewController.swift */ = {isa = PBXFileReference; fileEncoding = 4; lastKnownFileType = sourcecode.swift; path = RegisterFormViewController.swift; sourceTree = "<group>"; };
		16357D282B8D4D740081EBEE /* RegistrationForm.storyboard */ = {isa = PBXFileReference; lastKnownFileType = file.storyboard; path = RegistrationForm.storyboard; sourceTree = "<group>"; };
		16357D2E2B8D50B70081EBEE /* SignUp+CoreDataClass.swift */ = {isa = PBXFileReference; lastKnownFileType = sourcecode.swift; path = "SignUp+CoreDataClass.swift"; sourceTree = "<group>"; };
		1680F7FD2B8F679E00222544 /* ChangePasswordViewController.swift */ = {isa = PBXFileReference; lastKnownFileType = sourcecode.swift; path = ChangePasswordViewController.swift; sourceTree = "<group>"; };
		1680F7FF2B8F683C00222544 /* AdminDashboardViewController.swift */ = {isa = PBXFileReference; lastKnownFileType = sourcecode.swift; path = AdminDashboardViewController.swift; sourceTree = "<group>"; };
		1694B1302B8DFED000623903 /* AdminDashboard.storyboard */ = {isa = PBXFileReference; lastKnownFileType = file.storyboard; path = AdminDashboard.storyboard; sourceTree = "<group>"; };
		16B06F412B8EDAB10003EA83 /* AdminProfileViewController.swift */ = {isa = PBXFileReference; lastKnownFileType = sourcecode.swift; path = AdminProfileViewController.swift; sourceTree = "<group>"; };
		B0C154E02B8D34B800563C8A /* PassportOnlineApplication.app */ = {isa = PBXFileReference; explicitFileType = wrapper.application; includeInIndex = 0; path = PassportOnlineApplication.app; sourceTree = BUILT_PRODUCTS_DIR; };
		B0C154E32B8D34B800563C8A /* AppDelegate.swift */ = {isa = PBXFileReference; lastKnownFileType = sourcecode.swift; path = AppDelegate.swift; sourceTree = "<group>"; };
		B0C154E52B8D34B800563C8A /* SceneDelegate.swift */ = {isa = PBXFileReference; lastKnownFileType = sourcecode.swift; path = SceneDelegate.swift; sourceTree = "<group>"; };
		B0C154E72B8D34B800563C8A /* ViewController.swift */ = {isa = PBXFileReference; lastKnownFileType = sourcecode.swift; path = ViewController.swift; sourceTree = "<group>"; };
		B0C154EA2B8D34B800563C8A /* Base */ = {isa = PBXFileReference; lastKnownFileType = file.storyboard; name = Base; path = Base.lproj/Main.storyboard; sourceTree = "<group>"; };
		B0C154ED2B8D34B800563C8A /* PassportOnlineApplication.xcdatamodel */ = {isa = PBXFileReference; lastKnownFileType = wrapper.xcdatamodel; path = PassportOnlineApplication.xcdatamodel; sourceTree = "<group>"; };
		B0C154EF2B8D34B900563C8A /* Assets.xcassets */ = {isa = PBXFileReference; lastKnownFileType = folder.assetcatalog; path = Assets.xcassets; sourceTree = "<group>"; };
		B0C154F22B8D34B900563C8A /* Base */ = {isa = PBXFileReference; lastKnownFileType = file.storyboard; name = Base; path = Base.lproj/LaunchScreen.storyboard; sourceTree = "<group>"; };
		B0C154F42B8D34B900563C8A /* Info.plist */ = {isa = PBXFileReference; lastKnownFileType = text.plist.xml; path = Info.plist; sourceTree = "<group>"; };
		B0C154F92B8D34B900563C8A /* PassportOnlineApplicationTests.xctest */ = {isa = PBXFileReference; explicitFileType = wrapper.cfbundle; includeInIndex = 0; path = PassportOnlineApplicationTests.xctest; sourceTree = BUILT_PRODUCTS_DIR; };
		B0C154FD2B8D34B900563C8A /* PassportOnlineApplicationTests.swift */ = {isa = PBXFileReference; lastKnownFileType = sourcecode.swift; path = PassportOnlineApplicationTests.swift; sourceTree = "<group>"; };
		B0C155032B8D34B900563C8A /* PassportOnlineApplicationUITests.xctest */ = {isa = PBXFileReference; explicitFileType = wrapper.cfbundle; includeInIndex = 0; path = PassportOnlineApplicationUITests.xctest; sourceTree = BUILT_PRODUCTS_DIR; };
		B0C155072B8D34B900563C8A /* PassportOnlineApplicationUITests.swift */ = {isa = PBXFileReference; lastKnownFileType = sourcecode.swift; path = PassportOnlineApplicationUITests.swift; sourceTree = "<group>"; };
		B0C155092B8D34B900563C8A /* PassportOnlineApplicationUITestsLaunchTests.swift */ = {isa = PBXFileReference; lastKnownFileType = sourcecode.swift; path = PassportOnlineApplicationUITestsLaunchTests.swift; sourceTree = "<group>"; };
		B0C155162B8D365100563C8A /* LoginController.swift */ = {isa = PBXFileReference; lastKnownFileType = sourcecode.swift; path = LoginController.swift; sourceTree = "<group>"; };
		B0C155182B8D369700563C8A /* LoginScreen.storyboard */ = {isa = PBXFileReference; lastKnownFileType = file.storyboard; path = LoginScreen.storyboard; sourceTree = "<group>"; };
/* End PBXFileReference section */

/* Begin PBXFrameworksBuildPhase section */
		B0C154DD2B8D34B800563C8A /* Frameworks */ = {
			isa = PBXFrameworksBuildPhase;
			buildActionMask = 2147483647;
			files = (
			);
			runOnlyForDeploymentPostprocessing = 0;
		};
		B0C154F62B8D34B900563C8A /* Frameworks */ = {
			isa = PBXFrameworksBuildPhase;
			buildActionMask = 2147483647;
			files = (
			);
			runOnlyForDeploymentPostprocessing = 0;
		};
		B0C155002B8D34B900563C8A /* Frameworks */ = {
			isa = PBXFrameworksBuildPhase;
			buildActionMask = 2147483647;
			files = (
			);
			runOnlyForDeploymentPostprocessing = 0;
		};
/* End PBXFrameworksBuildPhase section */

/* Begin PBXGroup section */
		B0C154D72B8D34B800563C8A = {
			isa = PBXGroup;
			children = (
				B0C154E22B8D34B800563C8A /* PassportOnlineApplication */,
				B0C154FC2B8D34B900563C8A /* PassportOnlineApplicationTests */,
				B0C155062B8D34B900563C8A /* PassportOnlineApplicationUITests */,
				B0C154E12B8D34B800563C8A /* Products */,
			);
			sourceTree = "<group>";
		};
		B0C154E12B8D34B800563C8A /* Products */ = {
			isa = PBXGroup;
			children = (
				B0C154E02B8D34B800563C8A /* PassportOnlineApplication.app */,
				B0C154F92B8D34B900563C8A /* PassportOnlineApplicationTests.xctest */,
				B0C155032B8D34B900563C8A /* PassportOnlineApplicationUITests.xctest */,
			);
			name = Products;
			sourceTree = "<group>";
		};
		B0C154E22B8D34B800563C8A /* PassportOnlineApplication */ = {
			isa = PBXGroup;
			children = (
				16357D2E2B8D50B70081EBEE /* SignUp+CoreDataClass.swift */,
				B0C155162B8D365100563C8A /* LoginController.swift */,
				B0C154E32B8D34B800563C8A /* AppDelegate.swift */,
				B0C154E52B8D34B800563C8A /* SceneDelegate.swift */,
				16357D242B8D4D600081EBEE /* Utilities.swift */,
				B0C154E72B8D34B800563C8A /* ViewController.swift */,
				16357D262B8D4D650081EBEE /* RegisterFormViewController.swift */,
				16B06F412B8EDAB10003EA83 /* AdminProfileViewController.swift */,
				1680F7FD2B8F679E00222544 /* ChangePasswordViewController.swift */,
				1680F7FF2B8F683C00222544 /* AdminDashboardViewController.swift */,
				B0C154E92B8D34B800563C8A /* Main.storyboard */,
				B0C154EF2B8D34B900563C8A /* Assets.xcassets */,
				B0C154F12B8D34B900563C8A /* LaunchScreen.storyboard */,
				B0C154F42B8D34B900563C8A /* Info.plist */,
				B0C154EC2B8D34B800563C8A /* PassportOnlineApplication.xcdatamodeld */,
				B0C155182B8D369700563C8A /* LoginScreen.storyboard */,
				16357D282B8D4D740081EBEE /* RegistrationForm.storyboard */,
				1694B1302B8DFED000623903 /* AdminDashboard.storyboard */,
			);
			path = PassportOnlineApplication;
			sourceTree = "<group>";
		};
		B0C154FC2B8D34B900563C8A /* PassportOnlineApplicationTests */ = {
			isa = PBXGroup;
			children = (
				B0C154FD2B8D34B900563C8A /* PassportOnlineApplicationTests.swift */,
			);
			path = PassportOnlineApplicationTests;
			sourceTree = "<group>";
		};
		B0C155062B8D34B900563C8A /* PassportOnlineApplicationUITests */ = {
			isa = PBXGroup;
			children = (
				B0C155072B8D34B900563C8A /* PassportOnlineApplicationUITests.swift */,
				B0C155092B8D34B900563C8A /* PassportOnlineApplicationUITestsLaunchTests.swift */,
			);
			path = PassportOnlineApplicationUITests;
			sourceTree = "<group>";
		};
/* End PBXGroup section */

/* Begin PBXNativeTarget section */
		B0C154DF2B8D34B800563C8A /* PassportOnlineApplication */ = {
			isa = PBXNativeTarget;
			buildConfigurationList = B0C1550D2B8D34B900563C8A /* Build configuration list for PBXNativeTarget "PassportOnlineApplication" */;
			buildPhases = (
				B0C154DC2B8D34B800563C8A /* Sources */,
				B0C154DD2B8D34B800563C8A /* Frameworks */,
				B0C154DE2B8D34B800563C8A /* Resources */,
			);
			buildRules = (
			);
			dependencies = (
			);
			name = PassportOnlineApplication;
			productName = PassportOnlineApplication;
			productReference = B0C154E02B8D34B800563C8A /* PassportOnlineApplication.app */;
			productType = "com.apple.product-type.application";
		};
		B0C154F82B8D34B900563C8A /* PassportOnlineApplicationTests */ = {
			isa = PBXNativeTarget;
			buildConfigurationList = B0C155102B8D34B900563C8A /* Build configuration list for PBXNativeTarget "PassportOnlineApplicationTests" */;
			buildPhases = (
				B0C154F52B8D34B900563C8A /* Sources */,
				B0C154F62B8D34B900563C8A /* Frameworks */,
				B0C154F72B8D34B900563C8A /* Resources */,
			);
			buildRules = (
			);
			dependencies = (
				B0C154FB2B8D34B900563C8A /* PBXTargetDependency */,
			);
			name = PassportOnlineApplicationTests;
			productName = PassportOnlineApplicationTests;
			productReference = B0C154F92B8D34B900563C8A /* PassportOnlineApplicationTests.xctest */;
			productType = "com.apple.product-type.bundle.unit-test";
		};
		B0C155022B8D34B900563C8A /* PassportOnlineApplicationUITests */ = {
			isa = PBXNativeTarget;
			buildConfigurationList = B0C155132B8D34B900563C8A /* Build configuration list for PBXNativeTarget "PassportOnlineApplicationUITests" */;
			buildPhases = (
				B0C154FF2B8D34B900563C8A /* Sources */,
				B0C155002B8D34B900563C8A /* Frameworks */,
				B0C155012B8D34B900563C8A /* Resources */,
			);
			buildRules = (
			);
			dependencies = (
				B0C155052B8D34B900563C8A /* PBXTargetDependency */,
			);
			name = PassportOnlineApplicationUITests;
			productName = PassportOnlineApplicationUITests;
			productReference = B0C155032B8D34B900563C8A /* PassportOnlineApplicationUITests.xctest */;
			productType = "com.apple.product-type.bundle.ui-testing";
		};
/* End PBXNativeTarget section */

/* Begin PBXProject section */
		B0C154D82B8D34B800563C8A /* Project object */ = {
			isa = PBXProject;
			attributes = {
				BuildIndependentTargetsInParallel = 1;
				LastSwiftUpdateCheck = 1520;
				LastUpgradeCheck = 1520;
				TargetAttributes = {
					B0C154DF2B8D34B800563C8A = {
						CreatedOnToolsVersion = 15.2;
					};
					B0C154F82B8D34B900563C8A = {
						CreatedOnToolsVersion = 15.2;
						TestTargetID = B0C154DF2B8D34B800563C8A;
					};
					B0C155022B8D34B900563C8A = {
						CreatedOnToolsVersion = 15.2;
						TestTargetID = B0C154DF2B8D34B800563C8A;
					};
				};
			};
			buildConfigurationList = B0C154DB2B8D34B800563C8A /* Build configuration list for PBXProject "PassportOnlineApplication" */;
			compatibilityVersion = "Xcode 14.0";
			developmentRegion = en;
			hasScannedForEncodings = 0;
			knownRegions = (
				en,
				Base,
			);
			mainGroup = B0C154D72B8D34B800563C8A;
			productRefGroup = B0C154E12B8D34B800563C8A /* Products */;
			projectDirPath = "";
			projectRoot = "";
			targets = (
				B0C154DF2B8D34B800563C8A /* PassportOnlineApplication */,
				B0C154F82B8D34B900563C8A /* PassportOnlineApplicationTests */,
				B0C155022B8D34B900563C8A /* PassportOnlineApplicationUITests */,
			);
		};
/* End PBXProject section */

/* Begin PBXResourcesBuildPhase section */
		B0C154DE2B8D34B800563C8A /* Resources */ = {
			isa = PBXResourcesBuildPhase;
			buildActionMask = 2147483647;
			files = (
				B0C154F32B8D34B900563C8A /* LaunchScreen.storyboard in Resources */,
				B0C154F02B8D34B900563C8A /* Assets.xcassets in Resources */,
				B0C155192B8D369700563C8A /* LoginScreen.storyboard in Resources */,
				B0C154EB2B8D34B800563C8A /* Main.storyboard in Resources */,
				16357D292B8D4D740081EBEE /* RegistrationForm.storyboard in Resources */,
				1694B1312B8DFED000623903 /* AdminDashboard.storyboard in Resources */,
			);
			runOnlyForDeploymentPostprocessing = 0;
		};
		B0C154F72B8D34B900563C8A /* Resources */ = {
			isa = PBXResourcesBuildPhase;
			buildActionMask = 2147483647;
			files = (
			);
			runOnlyForDeploymentPostprocessing = 0;
		};
		B0C155012B8D34B900563C8A /* Resources */ = {
			isa = PBXResourcesBuildPhase;
			buildActionMask = 2147483647;
			files = (
			);
			runOnlyForDeploymentPostprocessing = 0;
		};
/* End PBXResourcesBuildPhase section */

/* Begin PBXSourcesBuildPhase section */
		B0C154DC2B8D34B800563C8A /* Sources */ = {
			isa = PBXSourcesBuildPhase;
			buildActionMask = 2147483647;
			files = (
				16B06F422B8EDAB10003EA83 /* AdminProfileViewController.swift in Sources */,
				B0C154E82B8D34B800563C8A /* ViewController.swift in Sources */,
				B0C154E42B8D34B800563C8A /* AppDelegate.swift in Sources */,
				1680F7FE2B8F679E00222544 /* ChangePasswordViewController.swift in Sources */,
				16357D252B8D4D600081EBEE /* Utilities.swift in Sources */,
				B0C154E62B8D34B800563C8A /* SceneDelegate.swift in Sources */,
				B0C154EE2B8D34B800563C8A /* PassportOnlineApplication.xcdatamodeld in Sources */,
				16357D272B8D4D650081EBEE /* RegisterFormViewController.swift in Sources */,
				1680F8002B8F683C00222544 /* AdminDashboardViewController.swift in Sources */,
				B0C155172B8D365100563C8A /* LoginController.swift in Sources */,
				16357D302B8D50B70081EBEE /* SignUp+CoreDataClass.swift in Sources */,
			);
			runOnlyForDeploymentPostprocessing = 0;
		};
		B0C154F52B8D34B900563C8A /* Sources */ = {
			isa = PBXSourcesBuildPhase;
			buildActionMask = 2147483647;
			files = (
				B0C154FE2B8D34B900563C8A /* PassportOnlineApplicationTests.swift in Sources */,
			);
			runOnlyForDeploymentPostprocessing = 0;
		};
		B0C154FF2B8D34B900563C8A /* Sources */ = {
			isa = PBXSourcesBuildPhase;
			buildActionMask = 2147483647;
			files = (
				B0C1550A2B8D34B900563C8A /* PassportOnlineApplicationUITestsLaunchTests.swift in Sources */,
				B0C155082B8D34B900563C8A /* PassportOnlineApplicationUITests.swift in Sources */,
			);
			runOnlyForDeploymentPostprocessing = 0;
		};
/* End PBXSourcesBuildPhase section */

/* Begin PBXTargetDependency section */
		B0C154FB2B8D34B900563C8A /* PBXTargetDependency */ = {
			isa = PBXTargetDependency;
			target = B0C154DF2B8D34B800563C8A /* PassportOnlineApplication */;
			targetProxy = B0C154FA2B8D34B900563C8A /* PBXContainerItemProxy */;
		};
		B0C155052B8D34B900563C8A /* PBXTargetDependency */ = {
			isa = PBXTargetDependency;
			target = B0C154DF2B8D34B800563C8A /* PassportOnlineApplication */;
			targetProxy = B0C155042B8D34B900563C8A /* PBXContainerItemProxy */;
		};
/* End PBXTargetDependency section */

/* Begin PBXVariantGroup section */
		B0C154E92B8D34B800563C8A /* Main.storyboard */ = {
			isa = PBXVariantGroup;
			children = (
				B0C154EA2B8D34B800563C8A /* Base */,
			);
			name = Main.storyboard;
			sourceTree = "<group>";
		};
		B0C154F12B8D34B900563C8A /* LaunchScreen.storyboard */ = {
			isa = PBXVariantGroup;
			children = (
				B0C154F22B8D34B900563C8A /* Base */,
			);
			name = LaunchScreen.storyboard;
			sourceTree = "<group>";
		};
/* End PBXVariantGroup section */

/* Begin XCBuildConfiguration section */
		B0C1550B2B8D34B900563C8A /* Debug */ = {
			isa = XCBuildConfiguration;
			buildSettings = {
				ALWAYS_SEARCH_USER_PATHS = NO;
				ASSETCATALOG_COMPILER_GENERATE_SWIFT_ASSET_SYMBOL_EXTENSIONS = YES;
				CLANG_ANALYZER_NONNULL = YES;
				CLANG_ANALYZER_NUMBER_OBJECT_CONVERSION = YES_AGGRESSIVE;
				CLANG_CXX_LANGUAGE_STANDARD = "gnu++20";
				CLANG_ENABLE_MODULES = YES;
				CLANG_ENABLE_OBJC_ARC = YES;
				CLANG_ENABLE_OBJC_WEAK = YES;
				CLANG_WARN_BLOCK_CAPTURE_AUTORELEASING = YES;
				CLANG_WARN_BOOL_CONVERSION = YES;
				CLANG_WARN_COMMA = YES;
				CLANG_WARN_CONSTANT_CONVERSION = YES;
				CLANG_WARN_DEPRECATED_OBJC_IMPLEMENTATIONS = YES;
				CLANG_WARN_DIRECT_OBJC_ISA_USAGE = YES_ERROR;
				CLANG_WARN_DOCUMENTATION_COMMENTS = YES;
				CLANG_WARN_EMPTY_BODY = YES;
				CLANG_WARN_ENUM_CONVERSION = YES;
				CLANG_WARN_INFINITE_RECURSION = YES;
				CLANG_WARN_INT_CONVERSION = YES;
				CLANG_WARN_NON_LITERAL_NULL_CONVERSION = YES;
				CLANG_WARN_OBJC_IMPLICIT_RETAIN_SELF = YES;
				CLANG_WARN_OBJC_LITERAL_CONVERSION = YES;
				CLANG_WARN_OBJC_ROOT_CLASS = YES_ERROR;
				CLANG_WARN_QUOTED_INCLUDE_IN_FRAMEWORK_HEADER = YES;
				CLANG_WARN_RANGE_LOOP_ANALYSIS = YES;
				CLANG_WARN_STRICT_PROTOTYPES = YES;
				CLANG_WARN_SUSPICIOUS_MOVE = YES;
				CLANG_WARN_UNGUARDED_AVAILABILITY = YES_AGGRESSIVE;
				CLANG_WARN_UNREACHABLE_CODE = YES;
				CLANG_WARN__DUPLICATE_METHOD_MATCH = YES;
				COPY_PHASE_STRIP = NO;
				DEBUG_INFORMATION_FORMAT = dwarf;
				ENABLE_STRICT_OBJC_MSGSEND = YES;
				ENABLE_TESTABILITY = YES;
				ENABLE_USER_SCRIPT_SANDBOXING = YES;
				GCC_C_LANGUAGE_STANDARD = gnu17;
				GCC_DYNAMIC_NO_PIC = NO;
				GCC_NO_COMMON_BLOCKS = YES;
				GCC_OPTIMIZATION_LEVEL = 0;
				GCC_PREPROCESSOR_DEFINITIONS = (
					"DEBUG=1",
					"$(inherited)",
				);
				GCC_WARN_64_TO_32_BIT_CONVERSION = YES;
				GCC_WARN_ABOUT_RETURN_TYPE = YES_ERROR;
				GCC_WARN_UNDECLARED_SELECTOR = YES;
				GCC_WARN_UNINITIALIZED_AUTOS = YES_AGGRESSIVE;
				GCC_WARN_UNUSED_FUNCTION = YES;
				GCC_WARN_UNUSED_VARIABLE = YES;
				IPHONEOS_DEPLOYMENT_TARGET = 17.2;
				LOCALIZATION_PREFERS_STRING_CATALOGS = YES;
				MTL_ENABLE_DEBUG_INFO = INCLUDE_SOURCE;
				MTL_FAST_MATH = YES;
				ONLY_ACTIVE_ARCH = YES;
				SDKROOT = iphoneos;
				SWIFT_ACTIVE_COMPILATION_CONDITIONS = "DEBUG $(inherited)";
				SWIFT_OPTIMIZATION_LEVEL = "-Onone";
			};
			name = Debug;
		};
		B0C1550C2B8D34B900563C8A /* Release */ = {
			isa = XCBuildConfiguration;
			buildSettings = {
				ALWAYS_SEARCH_USER_PATHS = NO;
				ASSETCATALOG_COMPILER_GENERATE_SWIFT_ASSET_SYMBOL_EXTENSIONS = YES;
				CLANG_ANALYZER_NONNULL = YES;
				CLANG_ANALYZER_NUMBER_OBJECT_CONVERSION = YES_AGGRESSIVE;
				CLANG_CXX_LANGUAGE_STANDARD = "gnu++20";
				CLANG_ENABLE_MODULES = YES;
				CLANG_ENABLE_OBJC_ARC = YES;
				CLANG_ENABLE_OBJC_WEAK = YES;
				CLANG_WARN_BLOCK_CAPTURE_AUTORELEASING = YES;
				CLANG_WARN_BOOL_CONVERSION = YES;
				CLANG_WARN_COMMA = YES;
				CLANG_WARN_CONSTANT_CONVERSION = YES;
				CLANG_WARN_DEPRECATED_OBJC_IMPLEMENTATIONS = YES;
				CLANG_WARN_DIRECT_OBJC_ISA_USAGE = YES_ERROR;
				CLANG_WARN_DOCUMENTATION_COMMENTS = YES;
				CLANG_WARN_EMPTY_BODY = YES;
				CLANG_WARN_ENUM_CONVERSION = YES;
				CLANG_WARN_INFINITE_RECURSION = YES;
				CLANG_WARN_INT_CONVERSION = YES;
				CLANG_WARN_NON_LITERAL_NULL_CONVERSION = YES;
				CLANG_WARN_OBJC_IMPLICIT_RETAIN_SELF = YES;
				CLANG_WARN_OBJC_LITERAL_CONVERSION = YES;
				CLANG_WARN_OBJC_ROOT_CLASS = YES_ERROR;
				CLANG_WARN_QUOTED_INCLUDE_IN_FRAMEWORK_HEADER = YES;
				CLANG_WARN_RANGE_LOOP_ANALYSIS = YES;
				CLANG_WARN_STRICT_PROTOTYPES = YES;
				CLANG_WARN_SUSPICIOUS_MOVE = YES;
				CLANG_WARN_UNGUARDED_AVAILABILITY = YES_AGGRESSIVE;
				CLANG_WARN_UNREACHABLE_CODE = YES;
				CLANG_WARN__DUPLICATE_METHOD_MATCH = YES;
				COPY_PHASE_STRIP = NO;
				DEBUG_INFORMATION_FORMAT = "dwarf-with-dsym";
				ENABLE_NS_ASSERTIONS = NO;
				ENABLE_STRICT_OBJC_MSGSEND = YES;
				ENABLE_USER_SCRIPT_SANDBOXING = YES;
				GCC_C_LANGUAGE_STANDARD = gnu17;
				GCC_NO_COMMON_BLOCKS = YES;
				GCC_WARN_64_TO_32_BIT_CONVERSION = YES;
				GCC_WARN_ABOUT_RETURN_TYPE = YES_ERROR;
				GCC_WARN_UNDECLARED_SELECTOR = YES;
				GCC_WARN_UNINITIALIZED_AUTOS = YES_AGGRESSIVE;
				GCC_WARN_UNUSED_FUNCTION = YES;
				GCC_WARN_UNUSED_VARIABLE = YES;
				IPHONEOS_DEPLOYMENT_TARGET = 17.2;
				LOCALIZATION_PREFERS_STRING_CATALOGS = YES;
				MTL_ENABLE_DEBUG_INFO = NO;
				MTL_FAST_MATH = YES;
				SDKROOT = iphoneos;
				SWIFT_COMPILATION_MODE = wholemodule;
				VALIDATE_PRODUCT = YES;
			};
			name = Release;
		};
		B0C1550E2B8D34B900563C8A /* Debug */ = {
			isa = XCBuildConfiguration;
			buildSettings = {
				ASSETCATALOG_COMPILER_APPICON_NAME = AppIcon;
				ASSETCATALOG_COMPILER_GLOBAL_ACCENT_COLOR_NAME = AccentColor;
				CODE_SIGN_STYLE = Automatic;
				CURRENT_PROJECT_VERSION = 1;
				GENERATE_INFOPLIST_FILE = YES;
				INFOPLIST_FILE = PassportOnlineApplication/Info.plist;
				INFOPLIST_KEY_UIApplicationSupportsIndirectInputEvents = YES;
				INFOPLIST_KEY_UILaunchStoryboardName = LaunchScreen;
				INFOPLIST_KEY_UIMainStoryboardFile = Main;
				INFOPLIST_KEY_UISupportedInterfaceOrientations_iPad = "UIInterfaceOrientationPortrait UIInterfaceOrientationPortraitUpsideDown UIInterfaceOrientationLandscapeLeft UIInterfaceOrientationLandscapeRight";
				INFOPLIST_KEY_UISupportedInterfaceOrientations_iPhone = "UIInterfaceOrientationPortrait UIInterfaceOrientationLandscapeLeft UIInterfaceOrientationLandscapeRight";
				LD_RUNPATH_SEARCH_PATHS = (
					"$(inherited)",
					"@executable_path/Frameworks",
				);
				MARKETING_VERSION = 1.0;
				PRODUCT_BUNDLE_IDENTIFIER = com.BlertOsmani..PassportOnlineApplication;
				PRODUCT_NAME = "$(TARGET_NAME)";
				SWIFT_EMIT_LOC_STRINGS = YES;
				SWIFT_VERSION = 5.0;
				TARGETED_DEVICE_FAMILY = "1,2";
			};
			name = Debug;
		};
		B0C1550F2B8D34B900563C8A /* Release */ = {
			isa = XCBuildConfiguration;
			buildSettings = {
				ASSETCATALOG_COMPILER_APPICON_NAME = AppIcon;
				ASSETCATALOG_COMPILER_GLOBAL_ACCENT_COLOR_NAME = AccentColor;
				CODE_SIGN_STYLE = Automatic;
				CURRENT_PROJECT_VERSION = 1;
				GENERATE_INFOPLIST_FILE = YES;
				INFOPLIST_FILE = PassportOnlineApplication/Info.plist;
				INFOPLIST_KEY_UIApplicationSupportsIndirectInputEvents = YES;
				INFOPLIST_KEY_UILaunchStoryboardName = LaunchScreen;
				INFOPLIST_KEY_UIMainStoryboardFile = Main;
				INFOPLIST_KEY_UISupportedInterfaceOrientations_iPad = "UIInterfaceOrientationPortrait UIInterfaceOrientationPortraitUpsideDown UIInterfaceOrientationLandscapeLeft UIInterfaceOrientationLandscapeRight";
				INFOPLIST_KEY_UISupportedInterfaceOrientations_iPhone = "UIInterfaceOrientationPortrait UIInterfaceOrientationLandscapeLeft UIInterfaceOrientationLandscapeRight";
				LD_RUNPATH_SEARCH_PATHS = (
					"$(inherited)",
					"@executable_path/Frameworks",
				);
				MARKETING_VERSION = 1.0;
				PRODUCT_BUNDLE_IDENTIFIER = com.BlertOsmani..PassportOnlineApplication;
				PRODUCT_NAME = "$(TARGET_NAME)";
				SWIFT_EMIT_LOC_STRINGS = YES;
				SWIFT_VERSION = 5.0;
				TARGETED_DEVICE_FAMILY = "1,2";
			};
			name = Release;
		};
		B0C155112B8D34B900563C8A /* Debug */ = {
			isa = XCBuildConfiguration;
			buildSettings = {
				ALWAYS_EMBED_SWIFT_STANDARD_LIBRARIES = YES;
				BUNDLE_LOADER = "$(TEST_HOST)";
				CODE_SIGN_STYLE = Automatic;
				CURRENT_PROJECT_VERSION = 1;
				GENERATE_INFOPLIST_FILE = YES;
				IPHONEOS_DEPLOYMENT_TARGET = 17.2;
				MARKETING_VERSION = 1.0;
				PRODUCT_BUNDLE_IDENTIFIER = com.BlertOsmani..PassportOnlineApplicationTests;
				PRODUCT_NAME = "$(TARGET_NAME)";
				SWIFT_EMIT_LOC_STRINGS = NO;
				SWIFT_VERSION = 5.0;
				TARGETED_DEVICE_FAMILY = "1,2";
				TEST_HOST = "$(BUILT_PRODUCTS_DIR)/PassportOnlineApplication.app/$(BUNDLE_EXECUTABLE_FOLDER_PATH)/PassportOnlineApplication";
			};
			name = Debug;
		};
		B0C155122B8D34B900563C8A /* Release */ = {
			isa = XCBuildConfiguration;
			buildSettings = {
				ALWAYS_EMBED_SWIFT_STANDARD_LIBRARIES = YES;
				BUNDLE_LOADER = "$(TEST_HOST)";
				CODE_SIGN_STYLE = Automatic;
				CURRENT_PROJECT_VERSION = 1;
				GENERATE_INFOPLIST_FILE = YES;
				IPHONEOS_DEPLOYMENT_TARGET = 17.2;
				MARKETING_VERSION = 1.0;
				PRODUCT_BUNDLE_IDENTIFIER = com.BlertOsmani..PassportOnlineApplicationTests;
				PRODUCT_NAME = "$(TARGET_NAME)";
				SWIFT_EMIT_LOC_STRINGS = NO;
				SWIFT_VERSION = 5.0;
				TARGETED_DEVICE_FAMILY = "1,2";
				TEST_HOST = "$(BUILT_PRODUCTS_DIR)/PassportOnlineApplication.app/$(BUNDLE_EXECUTABLE_FOLDER_PATH)/PassportOnlineApplication";
			};
			name = Release;
		};
		B0C155142B8D34B900563C8A /* Debug */ = {
			isa = XCBuildConfiguration;
			buildSettings = {
				ALWAYS_EMBED_SWIFT_STANDARD_LIBRARIES = YES;
				CODE_SIGN_STYLE = Automatic;
				CURRENT_PROJECT_VERSION = 1;
				GENERATE_INFOPLIST_FILE = YES;
				MARKETING_VERSION = 1.0;
				PRODUCT_BUNDLE_IDENTIFIER = com.BlertOsmani..PassportOnlineApplicationUITests;
				PRODUCT_NAME = "$(TARGET_NAME)";
				SWIFT_EMIT_LOC_STRINGS = NO;
				SWIFT_VERSION = 5.0;
				TARGETED_DEVICE_FAMILY = "1,2";
				TEST_TARGET_NAME = PassportOnlineApplication;
			};
			name = Debug;
		};
		B0C155152B8D34B900563C8A /* Release */ = {
			isa = XCBuildConfiguration;
			buildSettings = {
				ALWAYS_EMBED_SWIFT_STANDARD_LIBRARIES = YES;
				CODE_SIGN_STYLE = Automatic;
				CURRENT_PROJECT_VERSION = 1;
				GENERATE_INFOPLIST_FILE = YES;
				MARKETING_VERSION = 1.0;
				PRODUCT_BUNDLE_IDENTIFIER = com.BlertOsmani..PassportOnlineApplicationUITests;
				PRODUCT_NAME = "$(TARGET_NAME)";
				SWIFT_EMIT_LOC_STRINGS = NO;
				SWIFT_VERSION = 5.0;
				TARGETED_DEVICE_FAMILY = "1,2";
				TEST_TARGET_NAME = PassportOnlineApplication;
			};
			name = Release;
		};
/* End XCBuildConfiguration section */

/* Begin XCConfigurationList section */
		B0C154DB2B8D34B800563C8A /* Build configuration list for PBXProject "PassportOnlineApplication" */ = {
			isa = XCConfigurationList;
			buildConfigurations = (
				B0C1550B2B8D34B900563C8A /* Debug */,
				B0C1550C2B8D34B900563C8A /* Release */,
			);
			defaultConfigurationIsVisible = 0;
			defaultConfigurationName = Release;
		};
		B0C1550D2B8D34B900563C8A /* Build configuration list for PBXNativeTarget "PassportOnlineApplication" */ = {
			isa = XCConfigurationList;
			buildConfigurations = (
				B0C1550E2B8D34B900563C8A /* Debug */,
				B0C1550F2B8D34B900563C8A /* Release */,
			);
			defaultConfigurationIsVisible = 0;
			defaultConfigurationName = Release;
		};
		B0C155102B8D34B900563C8A /* Build configuration list for PBXNativeTarget "PassportOnlineApplicationTests" */ = {
			isa = XCConfigurationList;
			buildConfigurations = (
				B0C155112B8D34B900563C8A /* Debug */,
				B0C155122B8D34B900563C8A /* Release */,
			);
			defaultConfigurationIsVisible = 0;
			defaultConfigurationName = Release;
		};
		B0C155132B8D34B900563C8A /* Build configuration list for PBXNativeTarget "PassportOnlineApplicationUITests" */ = {
			isa = XCConfigurationList;
			buildConfigurations = (
				B0C155142B8D34B900563C8A /* Debug */,
				B0C155152B8D34B900563C8A /* Release */,
			);
			defaultConfigurationIsVisible = 0;
			defaultConfigurationName = Release;
		};
/* End XCConfigurationList section */

/* Begin XCVersionGroup section */
		B0C154EC2B8D34B800563C8A /* PassportOnlineApplication.xcdatamodeld */ = {
			isa = XCVersionGroup;
			children = (
				B0C154ED2B8D34B800563C8A /* PassportOnlineApplication.xcdatamodel */,
			);
			currentVersion = B0C154ED2B8D34B800563C8A /* PassportOnlineApplication.xcdatamodel */;
			path = PassportOnlineApplication.xcdatamodeld;
			sourceTree = "<group>";
			versionGroupType = wrapper.xcdatamodel;
		};
/* End XCVersionGroup section */
	};
	rootObject = B0C154D82B8D34B800563C8A /* Project object */;
}
